
Microsoft Visual Studio Solution File, Format Version 12.00
# Visual Studio Version 17
VisualStudioVersion = 17.9.34728.123
MinimumVisualStudioVersion = 10.0.40219.1
Project("{9A19103F-16F7-4668-BE54-9A1E7A4F7556}") = "BD10_DichVuPhongTro.Module", "BD10_DichVuPhongTro.Module\BD10_DichVuPhongTro.Module.csproj", "{47814238-B0D5-43ED-98B7-53F4A6EDAFC8}"
EndProject
Project("{9A19103F-16F7-4668-BE54-9A1E7A4F7556}") = "BD10_DichVuPhongTro.Blazor.Server", "BD10_DichVuPhongTro.Blazor.Server\BD10_DichVuPhongTro.Blazor.Server.csproj", "{0FB3777A-6B00-497C-851A-43F07DBA0CD0}"
EndProject
Global
	GlobalSection(SolutionConfigurationPlatforms) = preSolution
		Debug|Any CPU = Debug|Any CPU
		EasyTest|Any CPU = EasyTest|Any CPU
		Release|Any CPU = Release|Any CPU
	EndGlobalSection
	GlobalSection(ProjectConfigurationPlatforms) = postSolution
		{47814238-B0D5-43ED-98B7-53F4A6EDAFC8}.Debug|Any CPU.ActiveCfg = Debug|Any CPU
		{47814238-B0D5-43ED-98B7-53F4A6EDAFC8}.Debug|Any CPU.Build.0 = Debug|Any CPU
		{47814238-B0D5-43ED-98B7-53F4A6EDAFC8}.EasyTest|Any CPU.ActiveCfg = EasyTest|Any CPU
		{47814238-B0D5-43ED-98B7-53F4A6EDAFC8}.EasyTest|Any CPU.Build.0 = EasyTest|Any CPU
		{47814238-B0D5-43ED-98B7-53F4A6EDAFC8}.Release|Any CPU.ActiveCfg = Release|Any CPU
		{47814238-B0D5-43ED-98B7-53F4A6EDAFC8}.Release|Any CPU.Build.0 = Release|Any CPU
		{0FB3777A-6B00-497C-851A-43F07DBA0CD0}.Debug|Any CPU.ActiveCfg = Debug|Any CPU
		{0FB3777A-6B00-497C-851A-43F07DBA0CD0}.Debug|Any CPU.Build.0 = Debug|Any CPU
		{0FB3777A-6B00-497C-851A-43F07DBA0CD0}.EasyTest|Any CPU.ActiveCfg = EasyTest|Any CPU
		{0FB3777A-6B00-497C-851A-43F07DBA0CD0}.EasyTest|Any CPU.Build.0 = EasyTest|Any CPU
		{0FB3777A-6B00-497C-851A-43F07DBA0CD0}.Release|Any CPU.ActiveCfg = Release|Any CPU
		{0FB3777A-6B00-497C-851A-43F07DBA0CD0}.Release|Any CPU.Build.0 = Release|Any CPU
	EndGlobalSection
	GlobalSection(SolutionProperties) = preSolution
		HideSolutionNode = FALSE
	EndGlobalSection
EndGlobal
